{
  "version": 4,
  "terraform_version": "1.5.7",
  "serial": 1059,
  "lineage": "61dbc711-06af-c5dd-4496-5fb89f269207",
  "outputs": {},
  "resources": [
    {
      "mode": "managed",
      "type": "google_compute_firewall",
      "name": "gcp-egress",
      "provider": "provider[\"registry.terraform.io/hashicorp/google\"]",
      "instances": [
        {
          "schema_version": 1,
          "attributes": {
            "allow": [
              {
                "ports": [
                  "22",
                  "80"
                ],
                "protocol": "tcp"
              },
              {
                "ports": [],
                "protocol": "icmp"
              }
            ],
            "creation_timestamp": "2025-05-26T03:45:54.256-07:00",
            "deny": [],
            "description": "",
            "destination_ranges": [
              "0.0.0.0/0"
            ],
            "direction": "EGRESS",
            "disabled": false,
            "enable_logging": null,
            "id": "projects/raghupothula/global/firewalls/gcp-egress",
            "log_config": [],
            "name": "gcp-egress",
            "network": "https://www.googleapis.com/compute/v1/projects/raghupothula/global/networks/gcp-network-02",
            "priority": 2,
            "project": "raghupothula",
            "self_link": "https://www.googleapis.com/compute/v1/projects/raghupothula/global/firewalls/gcp-egress",
            "source_ranges": [
              "0.0.0.0/0"
            ],
            "source_service_accounts": [],
            "source_tags": [],
            "target_service_accounts": [],
            "target_tags": [],
            "timeouts": null
          },
          "sensitive_attributes": [],
          "private": "eyJlMmJmYjczMC1lY2FhLTExZTYtOGY4OC0zNDM2M2JjN2M0YzAiOnsiY3JlYXRlIjoxMjAwMDAwMDAwMDAwLCJkZWxldGUiOjEyMDAwMDAwMDAwMDAsInVwZGF0ZSI6MTIwMDAwMDAwMDAwMH0sInNjaGVtYV92ZXJzaW9uIjoiMSJ9",
          "dependencies": [
            "google_compute_network.gcp-network-01"
          ]
        }
      ]
    },
    {
      "mode": "managed",
      "type": "google_compute_firewall",
      "name": "gcp-ingress",
      "provider": "provider[\"registry.terraform.io/hashicorp/google\"]",
      "instances": [
        {
          "schema_version": 1,
          "attributes": {
            "allow": [
              {
                "ports": [
                  "22",
                  "80",
                  "90"
                ],
                "protocol": "tcp"
              },
              {
                "ports": [],
                "protocol": "icmp"
              }
            ],
            "creation_timestamp": "2025-05-26T03:45:54.382-07:00",
            "deny": [],
            "description": "",
            "destination_ranges": [
              "0.0.0.0/0"
            ],
            "direction": "INGRESS",
            "disabled": false,
            "enable_logging": null,
            "id": "projects/raghupothula/global/firewalls/gcp-ingress",
            "log_config": [],
            "name": "gcp-ingress",
            "network": "https://www.googleapis.com/compute/v1/projects/raghupothula/global/networks/gcp-network-02",
            "priority": 1,
            "project": "raghupothula",
            "self_link": "https://www.googleapis.com/compute/v1/projects/raghupothula/global/firewalls/gcp-ingress",
            "source_ranges": [
              "0.0.0.0/0",
              "104.132.250.74/32"
            ],
            "source_service_accounts": [],
            "source_tags": [],
            "target_service_accounts": [],
            "target_tags": [],
            "timeouts": null
          },
          "sensitive_attributes": [],
          "private": "eyJlMmJmYjczMC1lY2FhLTExZTYtOGY4OC0zNDM2M2JjN2M0YzAiOnsiY3JlYXRlIjoxMjAwMDAwMDAwMDAwLCJkZWxldGUiOjEyMDAwMDAwMDAwMDAsInVwZGF0ZSI6MTIwMDAwMDAwMDAwMH0sInNjaGVtYV92ZXJzaW9uIjoiMSJ9",
          "dependencies": [
            "google_compute_network.gcp-network-01"
          ]
        }
      ]
    },
    {
      "mode": "managed",
      "type": "google_compute_firewall",
      "name": "on-prem-firewall2",
      "provider": "provider[\"registry.terraform.io/hashicorp/google\"]",
      "instances": [
        {
          "schema_version": 1,
          "attributes": {
            "allow": [
              {
                "ports": [
                  "22",
                  "80",
                  "90"
                ],
                "protocol": "tcp"
              },
              {
                "ports": [],
                "protocol": "icmp"
              }
            ],
            "creation_timestamp": "2025-05-26T03:46:05.278-07:00",
            "deny": [],
            "description": "",
            "destination_ranges": [
              "0.0.0.0/0"
            ],
            "direction": "INGRESS",
            "disabled": false,
            "enable_logging": null,
            "id": "projects/raghupothula/global/firewalls/on-prem-01-inbound",
            "log_config": [],
            "name": "on-prem-01-inbound",
            "network": "https://www.googleapis.com/compute/v1/projects/raghupothula/global/networks/onprem-network-01",
            "priority": 1,
            "project": "raghupothula",
            "self_link": "https://www.googleapis.com/compute/v1/projects/raghupothula/global/firewalls/on-prem-01-inbound",
            "source_ranges": [
              "0.0.0.0/0"
            ],
            "source_service_accounts": [],
            "source_tags": [],
            "target_service_accounts": [],
            "target_tags": [],
            "timeouts": null
          },
          "sensitive_attributes": [],
          "private": "eyJlMmJmYjczMC1lY2FhLTExZTYtOGY4OC0zNDM2M2JjN2M0YzAiOnsiY3JlYXRlIjoxMjAwMDAwMDAwMDAwLCJkZWxldGUiOjEyMDAwMDAwMDAwMDAsInVwZGF0ZSI6MTIwMDAwMDAwMDAwMH0sInNjaGVtYV92ZXJzaW9uIjoiMSJ9",
          "dependencies": [
            "google_compute_network.onprem-network-01"
          ]
        }
      ]
    },
    {
      "mode": "managed",
      "type": "google_compute_firewall",
      "name": "onprem-egress",
      "provider": "provider[\"registry.terraform.io/hashicorp/google\"]",
      "instances": [
        {
          "schema_version": 1,
          "attributes": {
            "allow": [
              {
                "ports": [
                  "22",
                  "80"
                ],
                "protocol": "tcp"
              },
              {
                "ports": [],
                "protocol": "icmp"
              }
            ],
            "creation_timestamp": "2025-05-26T03:45:54.357-07:00",
            "deny": [],
            "description": "",
            "destination_ranges": [
              "0.0.0.0/0"
            ],
            "direction": "EGRESS",
            "disabled": false,
            "enable_logging": null,
            "id": "projects/raghupothula/global/firewalls/on-prem-01-outbound",
            "log_config": [],
            "name": "on-prem-01-outbound",
            "network": "https://www.googleapis.com/compute/v1/projects/raghupothula/global/networks/onprem-network-01",
            "priority": 2,
            "project": "raghupothula",
            "self_link": "https://www.googleapis.com/compute/v1/projects/raghupothula/global/firewalls/on-prem-01-outbound",
            "source_ranges": [
              "0.0.0.0/0"
            ],
            "source_service_accounts": [],
            "source_tags": [],
            "target_service_accounts": [],
            "target_tags": [],
            "timeouts": null
          },
          "sensitive_attributes": [],
          "private": "eyJlMmJmYjczMC1lY2FhLTExZTYtOGY4OC0zNDM2M2JjN2M0YzAiOnsiY3JlYXRlIjoxMjAwMDAwMDAwMDAwLCJkZWxldGUiOjEyMDAwMDAwMDAwMDAsInVwZGF0ZSI6MTIwMDAwMDAwMDAwMH0sInNjaGVtYV92ZXJzaW9uIjoiMSJ9",
          "dependencies": [
            "google_compute_network.onprem-network-01"
          ]
        }
      ]
    },
    {
      "mode": "managed",
      "type": "google_compute_ha_vpn_gateway",
      "name": "gcp-nw-vpn-gw-01",
      "provider": "provider[\"registry.terraform.io/hashicorp/google\"]",
      "instances": [
        {
          "schema_version": 0,
          "attributes": {
            "description": "",
            "id": "projects/raghupothula/regions/us-central1/vpnGateways/gcp-ha-vpn-gw-01",
            "name": "gcp-ha-vpn-gw-01",
            "network": "https://www.googleapis.com/compute/v1/projects/raghupothula/global/networks/gcp-network-02",
            "project": "raghupothula",
            "region": "us-central1",
            "self_link": "https://www.googleapis.com/compute/v1/projects/raghupothula/regions/us-central1/vpnGateways/gcp-ha-vpn-gw-01",
            "stack_type": "IPV4_ONLY",
            "timeouts": null,
            "vpn_interfaces": [
              {
                "id": 0,
                "interconnect_attachment": "",
                "ip_address": "34.153.52.151"
              },
              {
                "id": 1,
                "interconnect_attachment": "",
                "ip_address": "34.153.245.117"
              }
            ]
          },
          "sensitive_attributes": [],
          "private": "eyJlMmJmYjczMC1lY2FhLTExZTYtOGY4OC0zNDM2M2JjN2M0YzAiOnsiY3JlYXRlIjoxMjAwMDAwMDAwMDAwLCJkZWxldGUiOjEyMDAwMDAwMDAwMDB9fQ==",
          "dependencies": [
            "google_compute_network.gcp-network-01"
          ]
        }
      ]
    },
    {
      "mode": "managed",
      "type": "google_compute_ha_vpn_gateway",
      "name": "on-prem-vpn-nw-01",
      "provider": "provider[\"registry.terraform.io/hashicorp/google\"]",
      "instances": [
        {
          "schema_version": 0,
          "attributes": {
            "description": "",
            "id": "projects/raghupothula/regions/us-central1/vpnGateways/on-prem-vpn-gw-01",
            "name": "on-prem-vpn-gw-01",
            "network": "https://www.googleapis.com/compute/v1/projects/raghupothula/global/networks/onprem-network-01",
            "project": "raghupothula",
            "region": "us-central1",
            "self_link": "https://www.googleapis.com/compute/v1/projects/raghupothula/regions/us-central1/vpnGateways/on-prem-vpn-gw-01",
            "stack_type": "IPV4_ONLY",
            "timeouts": null,
            "vpn_interfaces": [
              {
                "id": 0,
                "interconnect_attachment": "",
                "ip_address": "34.153.54.63"
              },
              {
                "id": 1,
                "interconnect_attachment": "",
                "ip_address": "34.153.246.126"
              }
            ]
          },
          "sensitive_attributes": [],
          "private": "eyJlMmJmYjczMC1lY2FhLTExZTYtOGY4OC0zNDM2M2JjN2M0YzAiOnsiY3JlYXRlIjoxMjAwMDAwMDAwMDAwLCJkZWxldGUiOjEyMDAwMDAwMDAwMDB9fQ==",
          "dependencies": [
            "google_compute_network.onprem-network-01"
          ]
        }
      ]
    },
    {
      "mode": "managed",
      "type": "google_compute_instance",
      "name": "gcp-instance-01",
      "provider": "provider[\"registry.terraform.io/hashicorp/google\"]",
      "instances": [
        {
          "schema_version": 6,
          "attributes": {
            "advanced_machine_features": [],
            "allow_stopping_for_update": null,
            "attached_disk": [],
            "boot_disk": [
              {
                "auto_delete": true,
                "device_name": "persistent-disk-0",
                "disk_encryption_key_raw": "",
                "disk_encryption_key_sha256": "",
                "initialize_params": [
                  {
                    "image": "https://www.googleapis.com/compute/v1/projects/debian-cloud/global/images/debian-11-bullseye-v20250513",
                    "labels": {
                      "vpn-instance": "gcp"
                    },
                    "resource_manager_tags": {},
                    "size": 10,
                    "type": "pd-standard"
                  }
                ],
                "kms_key_self_link": "",
                "mode": "READ_WRITE",
                "source": "https://www.googleapis.com/compute/v1/projects/raghupothula/zones/us-central1-a/disks/gcp-instance-01"
              }
            ],
            "can_ip_forward": false,
            "confidential_instance_config": [],
            "cpu_platform": "Intel Cascade Lake",
            "current_status": "RUNNING",
            "deletion_protection": false,
            "description": "",
            "desired_status": null,
            "enable_display": false,
            "guest_accelerator": [],
            "hostname": "",
            "id": "projects/raghupothula/zones/us-central1-a/instances/gcp-instance-01",
            "instance_id": "5407163236574951576",
            "label_fingerprint": "42WmSpB8rSM=",
            "labels": {},
            "machine_type": "n2-standard-2",
            "metadata": {},
            "metadata_fingerprint": "-7Fq8U338Hg=",
            "metadata_startup_script": null,
            "min_cpu_platform": "",
            "name": "gcp-instance-01",
            "network_interface": [
              {
                "access_config": [],
                "alias_ip_range": [],
                "internal_ipv6_prefix_length": 0,
                "ipv6_access_config": [],
                "ipv6_access_type": "",
                "ipv6_address": "",
                "name": "nic0",
                "network": "https://www.googleapis.com/compute/v1/projects/raghupothula/global/networks/gcp-network-02",
                "network_ip": "10.10.0.2",
                "nic_type": "",
                "queue_count": 0,
                "stack_type": "IPV4_ONLY",
                "subnetwork": "https://www.googleapis.com/compute/v1/projects/raghupothula/regions/us-central1/subnetworks/sn-gcp-uscentral1",
                "subnetwork_project": "raghupothula"
              }
            ],
            "network_performance_config": [],
            "params": [],
            "project": "raghupothula",
            "reservation_affinity": [],
            "resource_policies": [],
            "scheduling": [
              {
                "automatic_restart": true,
                "instance_termination_action": "",
                "local_ssd_recovery_timeout": [],
                "min_node_cpus": 0,
                "node_affinities": [],
                "on_host_maintenance": "MIGRATE",
                "preemptible": false,
                "provisioning_model": "STANDARD"
              }
            ],
            "scratch_disk": [],
            "self_link": "https://www.googleapis.com/compute/v1/projects/raghupothula/zones/us-central1-a/instances/gcp-instance-01",
            "service_account": [],
            "shielded_instance_config": [
              {
                "enable_integrity_monitoring": true,
                "enable_secure_boot": false,
                "enable_vtpm": true
              }
            ],
            "tags": [
              "gcp",
              "vpn-instance"
            ],
            "tags_fingerprint": "RF3KOXWjTSw=",
            "timeouts": null,
            "zone": "us-central1-a"
          },
          "sensitive_attributes": [],
          "private": "eyJlMmJmYjczMC1lY2FhLTExZTYtOGY4OC0zNDM2M2JjN2M0YzAiOnsiY3JlYXRlIjoxMjAwMDAwMDAwMDAwLCJkZWxldGUiOjEyMDAwMDAwMDAwMDAsInVwZGF0ZSI6MTIwMDAwMDAwMDAwMH0sInNjaGVtYV92ZXJzaW9uIjoiNiJ9",
          "dependencies": [
            "google_compute_network.gcp-network-01",
            "google_compute_subnetwork.sn-gcp-uscentral1"
          ]
        }
      ]
    },
    {
      "mode": "managed",
      "type": "google_compute_instance",
      "name": "onprem-instance-01",
      "provider": "provider[\"registry.terraform.io/hashicorp/google\"]",
      "instances": [
        {
          "schema_version": 6,
          "attributes": {
            "advanced_machine_features": [],
            "allow_stopping_for_update": true,
            "attached_disk": [],
            "boot_disk": [
              {
                "auto_delete": true,
                "device_name": "persistent-disk-0",
                "disk_encryption_key_raw": "",
                "disk_encryption_key_sha256": "",
                "initialize_params": [
                  {
                    "image": "https://www.googleapis.com/compute/v1/projects/debian-cloud/global/images/debian-11-bullseye-v20250513",
                    "labels": {
                      "vpn-instance": "onprem"
                    },
                    "resource_manager_tags": {},
                    "size": 10,
                    "type": "pd-standard"
                  }
                ],
                "kms_key_self_link": "",
                "mode": "READ_WRITE",
                "source": "https://www.googleapis.com/compute/v1/projects/raghupothula/zones/us-central1-a/disks/onprem-instance-01"
              }
            ],
            "can_ip_forward": false,
            "confidential_instance_config": [],
            "cpu_platform": "Intel Cascade Lake",
            "current_status": "RUNNING",
            "deletion_protection": false,
            "description": "",
            "desired_status": null,
            "enable_display": false,
            "guest_accelerator": [],
            "hostname": "",
            "id": "projects/raghupothula/zones/us-central1-a/instances/onprem-instance-01",
            "instance_id": "4447187309470283927",
            "label_fingerprint": "42WmSpB8rSM=",
            "labels": {},
            "machine_type": "n2-standard-2",
            "metadata": {},
            "metadata_fingerprint": "-7Fq8U338Hg=",
            "metadata_startup_script": null,
            "min_cpu_platform": "",
            "name": "onprem-instance-01",
            "network_interface": [
              {
                "access_config": [],
                "alias_ip_range": [],
                "internal_ipv6_prefix_length": 0,
                "ipv6_access_config": [],
                "ipv6_access_type": "",
                "ipv6_address": "",
                "name": "nic0",
                "network": "https://www.googleapis.com/compute/v1/projects/raghupothula/global/networks/onprem-network-01",
                "network_ip": "10.20.0.2",
                "nic_type": "",
                "queue_count": 0,
                "stack_type": "IPV4_ONLY",
                "subnetwork": "https://www.googleapis.com/compute/v1/projects/raghupothula/regions/us-central1/subnetworks/sn-onprem-uscentral2",
                "subnetwork_project": "raghupothula"
              }
            ],
            "network_performance_config": [],
            "params": [],
            "project": "raghupothula",
            "reservation_affinity": [],
            "resource_policies": [],
            "scheduling": [
              {
                "automatic_restart": true,
                "instance_termination_action": "",
                "local_ssd_recovery_timeout": [],
                "min_node_cpus": 0,
                "node_affinities": [],
                "on_host_maintenance": "MIGRATE",
                "preemptible": false,
                "provisioning_model": "STANDARD"
              }
            ],
            "scratch_disk": [],
            "self_link": "https://www.googleapis.com/compute/v1/projects/raghupothula/zones/us-central1-a/instances/onprem-instance-01",
            "service_account": [],
            "shielded_instance_config": [
              {
                "enable_integrity_monitoring": true,
                "enable_secure_boot": false,
                "enable_vtpm": true
              }
            ],
            "tags": [
              "gcp",
              "vpn-instance"
            ],
            "tags_fingerprint": "RF3KOXWjTSw=",
            "timeouts": null,
            "zone": "us-central1-a"
          },
          "sensitive_attributes": [],
          "private": "eyJlMmJmYjczMC1lY2FhLTExZTYtOGY4OC0zNDM2M2JjN2M0YzAiOnsiY3JlYXRlIjoxMjAwMDAwMDAwMDAwLCJkZWxldGUiOjEyMDAwMDAwMDAwMDAsInVwZGF0ZSI6MTIwMDAwMDAwMDAwMH0sInNjaGVtYV92ZXJzaW9uIjoiNiJ9",
          "dependencies": [
            "google_compute_network.onprem-network-01",
            "google_compute_subnetwork.sn-onprem-uscentral2"
          ]
        }
      ]
    },
    {
      "mode": "managed",
      "type": "google_compute_network",
      "name": "gcp-network-01",
      "provider": "provider[\"registry.terraform.io/hashicorp/google\"]",
      "instances": [
        {
          "schema_version": 0,
          "attributes": {
            "auto_create_subnetworks": false,
            "delete_default_routes_on_create": false,
            "description": "",
            "enable_ula_internal_ipv6": false,
            "gateway_ipv4": "",
            "id": "projects/raghupothula/global/networks/gcp-network-02",
            "internal_ipv6_range": "",
            "mtu": 1450,
            "name": "gcp-network-02",
            "network_firewall_policy_enforcement_order": "AFTER_CLASSIC_FIREWALL",
            "project": "raghupothula",
            "routing_mode": "REGIONAL",
            "self_link": "https://www.googleapis.com/compute/v1/projects/raghupothula/global/networks/gcp-network-02",
            "timeouts": null
          },
          "sensitive_attributes": [],
          "private": "eyJlMmJmYjczMC1lY2FhLTExZTYtOGY4OC0zNDM2M2JjN2M0YzAiOnsiY3JlYXRlIjoxMjAwMDAwMDAwMDAwLCJkZWxldGUiOjEyMDAwMDAwMDAwMDAsInVwZGF0ZSI6MTIwMDAwMDAwMDAwMH19"
        }
      ]
    },
    {
      "mode": "managed",
      "type": "google_compute_network",
      "name": "onprem-network-01",
      "provider": "provider[\"registry.terraform.io/hashicorp/google\"]",
      "instances": [
        {
          "schema_version": 0,
          "attributes": {
            "auto_create_subnetworks": false,
            "delete_default_routes_on_create": false,
            "description": "",
            "enable_ula_internal_ipv6": false,
            "gateway_ipv4": "",
            "id": "projects/raghupothula/global/networks/onprem-network-01",
            "internal_ipv6_range": "",
            "mtu": 1450,
            "name": "onprem-network-01",
            "network_firewall_policy_enforcement_order": "AFTER_CLASSIC_FIREWALL",
            "project": "raghupothula",
            "routing_mode": "GLOBAL",
            "self_link": "https://www.googleapis.com/compute/v1/projects/raghupothula/global/networks/onprem-network-01",
            "timeouts": null
          },
          "sensitive_attributes": [],
          "private": "eyJlMmJmYjczMC1lY2FhLTExZTYtOGY4OC0zNDM2M2JjN2M0YzAiOnsiY3JlYXRlIjoxMjAwMDAwMDAwMDAwLCJkZWxldGUiOjEyMDAwMDAwMDAwMDAsInVwZGF0ZSI6MTIwMDAwMDAwMDAwMH19"
        }
      ]
    },
    {
      "mode": "managed",
      "type": "google_compute_router",
      "name": "gcp-nw-router-01",
      "provider": "provider[\"registry.terraform.io/hashicorp/google\"]",
      "instances": [
        {
          "schema_version": 0,
          "attributes": {
            "bgp": [
              {
                "advertise_mode": "CUSTOM",
                "advertised_groups": [],
                "advertised_ip_ranges": [
                  {
                    "description": "Custom advertised subnet",
                    "range": "10.20.0.0/24"
                  }
                ],
                "asn": 65001,
                "keepalive_interval": 20
              }
            ],
            "creation_timestamp": "2025-05-26T03:45:54.109-07:00",
            "description": "",
            "encrypted_interconnect_router": false,
            "id": "projects/raghupothula/regions/us-central1/routers/gcp-nw-router-01",
            "name": "gcp-nw-router-01",
            "network": "https://www.googleapis.com/compute/v1/projects/raghupothula/global/networks/gcp-network-02",
            "project": "raghupothula",
            "region": "us-central1",
            "self_link": "https://www.googleapis.com/compute/v1/projects/raghupothula/regions/us-central1/routers/gcp-nw-router-01",
            "timeouts": null
          },
          "sensitive_attributes": [],
          "private": "eyJlMmJmYjczMC1lY2FhLTExZTYtOGY4OC0zNDM2M2JjN2M0YzAiOnsiY3JlYXRlIjoxMjAwMDAwMDAwMDAwLCJkZWxldGUiOjEyMDAwMDAwMDAwMDAsInVwZGF0ZSI6MTIwMDAwMDAwMDAwMH19",
          "dependencies": [
            "google_compute_network.gcp-network-01"
          ]
        }
      ]
    },
    {
      "mode": "managed",
      "type": "google_compute_router",
      "name": "nat-router-02",
      "provider": "provider[\"registry.terraform.io/hashicorp/google\"]",
      "instances": [
        {
          "schema_version": 0,
          "attributes": {
            "bgp": [
              {
                "advertise_mode": "DEFAULT",
                "advertised_groups": [],
                "advertised_ip_ranges": [],
                "asn": 64514,
                "keepalive_interval": 20
              }
            ],
            "creation_timestamp": "2025-05-26T03:45:54.233-07:00",
            "description": "",
            "encrypted_interconnect_router": false,
            "id": "projects/raghupothula/regions/us-central1/routers/nat-router-02",
            "name": "nat-router-02",
            "network": "https://www.googleapis.com/compute/v1/projects/raghupothula/global/networks/onprem-network-01",
            "project": "raghupothula",
            "region": "us-central1",
            "self_link": "https://www.googleapis.com/compute/v1/projects/raghupothula/regions/us-central1/routers/nat-router-02",
            "timeouts": null
          },
          "sensitive_attributes": [],
          "private": "eyJlMmJmYjczMC1lY2FhLTExZTYtOGY4OC0zNDM2M2JjN2M0YzAiOnsiY3JlYXRlIjoxMjAwMDAwMDAwMDAwLCJkZWxldGUiOjEyMDAwMDAwMDAwMDAsInVwZGF0ZSI6MTIwMDAwMDAwMDAwMH19",
          "dependencies": [
            "google_compute_network.onprem-network-01"
          ]
        }
      ]
    },
    {
      "mode": "managed",
      "type": "google_compute_router",
      "name": "onprem-nw-router-01",
      "provider": "provider[\"registry.terraform.io/hashicorp/google\"]",
      "instances": [
        {
          "schema_version": 0,
          "attributes": {
            "bgp": [
              {
                "advertise_mode": "DEFAULT",
                "advertised_groups": [],
                "advertised_ip_ranges": [],
                "asn": 65002,
                "keepalive_interval": 20
              }
            ],
            "creation_timestamp": "2025-05-26T03:45:54.459-07:00",
            "description": "",
            "encrypted_interconnect_router": false,
            "id": "projects/raghupothula/regions/us-central1/routers/on-prem-nw-router-01",
            "name": "on-prem-nw-router-01",
            "network": "https://www.googleapis.com/compute/v1/projects/raghupothula/global/networks/onprem-network-01",
            "project": "raghupothula",
            "region": "us-central1",
            "self_link": "https://www.googleapis.com/compute/v1/projects/raghupothula/regions/us-central1/routers/on-prem-nw-router-01",
            "timeouts": null
          },
          "sensitive_attributes": [],
          "private": "eyJlMmJmYjczMC1lY2FhLTExZTYtOGY4OC0zNDM2M2JjN2M0YzAiOnsiY3JlYXRlIjoxMjAwMDAwMDAwMDAwLCJkZWxldGUiOjEyMDAwMDAwMDAwMDAsInVwZGF0ZSI6MTIwMDAwMDAwMDAwMH19",
          "dependencies": [
            "google_compute_network.onprem-network-01"
          ]
        }
      ]
    },
    {
      "mode": "managed",
      "type": "google_compute_router_interface",
      "name": "gcp-router-int-1",
      "provider": "provider[\"registry.terraform.io/hashicorp/google\"]",
      "instances": [
        {
          "schema_version": 0,
          "attributes": {
            "id": "us-central1/gcp-nw-router-01/gcp-router-int-1",
            "interconnect_attachment": "",
            "ip_range": "169.254.0.1/30",
            "name": "gcp-router-int-1",
            "private_ip_address": "",
            "project": "raghupothula",
            "redundant_interface": "",
            "region": "us-central1",
            "router": "gcp-nw-router-01",
            "subnetwork": "",
            "timeouts": null,
            "vpn_tunnel": "https://www.googleapis.com/compute/v1/projects/raghupothula/regions/us-central1/vpnTunnels/gcp-tunnel-to-onprem-01"
          },
          "sensitive_attributes": [],
          "private": "eyJlMmJmYjczMC1lY2FhLTExZTYtOGY4OC0zNDM2M2JjN2M0YzAiOnsiY3JlYXRlIjoyNDAwMDAwMDAwMDAsImRlbGV0ZSI6MjQwMDAwMDAwMDAwfX0=",
          "dependencies": [
            "google_compute_ha_vpn_gateway.gcp-nw-vpn-gw-01",
            "google_compute_ha_vpn_gateway.on-prem-vpn-nw-01",
            "google_compute_network.gcp-network-01",
            "google_compute_network.onprem-network-01",
            "google_compute_router.gcp-nw-router-01",
            "google_compute_vpn_tunnel.gcp-tunnel-to-onprem-01"
          ]
        }
      ]
    },
    {
      "mode": "managed",
      "type": "google_compute_router_interface",
      "name": "gcp-router-int-2",
      "provider": "provider[\"registry.terraform.io/hashicorp/google\"]",
      "instances": [
        {
          "schema_version": 0,
          "attributes": {
            "id": "us-central1/gcp-nw-router-01/gcp-router-int-2",
            "interconnect_attachment": "",
            "ip_range": "169.254.1.1/30",
            "name": "gcp-router-int-2",
            "private_ip_address": "",
            "project": "raghupothula",
            "redundant_interface": "",
            "region": "us-central1",
            "router": "gcp-nw-router-01",
            "subnetwork": "",
            "timeouts": null,
            "vpn_tunnel": "https://www.googleapis.com/compute/v1/projects/raghupothula/regions/us-central1/vpnTunnels/gcp-tunnel-to-onprem-02"
          },
          "sensitive_attributes": [],
          "private": "eyJlMmJmYjczMC1lY2FhLTExZTYtOGY4OC0zNDM2M2JjN2M0YzAiOnsiY3JlYXRlIjoyNDAwMDAwMDAwMDAsImRlbGV0ZSI6MjQwMDAwMDAwMDAwfX0=",
          "dependencies": [
            "google_compute_ha_vpn_gateway.gcp-nw-vpn-gw-01",
            "google_compute_ha_vpn_gateway.on-prem-vpn-nw-01",
            "google_compute_network.gcp-network-01",
            "google_compute_network.onprem-network-01",
            "google_compute_router.gcp-nw-router-01",
            "google_compute_vpn_tunnel.gcp-tunnel-to-onprem-02"
          ]
        }
      ]
    },
    {
      "mode": "managed",
      "type": "google_compute_router_interface",
      "name": "on-prem-int-01",
      "provider": "provider[\"registry.terraform.io/hashicorp/google\"]",
      "instances": [
        {
          "schema_version": 0,
          "attributes": {
            "id": "us-central1/on-prem-nw-router-01/on-prem-int-01",
            "interconnect_attachment": "",
            "ip_range": "169.254.0.2/30",
            "name": "on-prem-int-01",
            "private_ip_address": "",
            "project": "raghupothula",
            "redundant_interface": "",
            "region": "us-central1",
            "router": "on-prem-nw-router-01",
            "subnetwork": "",
            "timeouts": null,
            "vpn_tunnel": "https://www.googleapis.com/compute/v1/projects/raghupothula/regions/us-central1/vpnTunnels/on-prem-to-gcp-tunnel-01"
          },
          "sensitive_attributes": [],
          "private": "eyJlMmJmYjczMC1lY2FhLTExZTYtOGY4OC0zNDM2M2JjN2M0YzAiOnsiY3JlYXRlIjoyNDAwMDAwMDAwMDAsImRlbGV0ZSI6MjQwMDAwMDAwMDAwfX0=",
          "dependencies": [
            "google_compute_ha_vpn_gateway.gcp-nw-vpn-gw-01",
            "google_compute_ha_vpn_gateway.on-prem-vpn-nw-01",
            "google_compute_network.gcp-network-01",
            "google_compute_network.onprem-network-01",
            "google_compute_router.onprem-nw-router-01",
            "google_compute_vpn_tunnel.on-prem-to-gcp-tunnel-01"
          ]
        }
      ]
    },
    {
      "mode": "managed",
      "type": "google_compute_router_interface",
      "name": "on-prem-int-02",
      "provider": "provider[\"registry.terraform.io/hashicorp/google\"]",
      "instances": [
        {
          "schema_version": 0,
          "attributes": {
            "id": "us-central1/on-prem-nw-router-01/on-prem-int-02",
            "interconnect_attachment": "",
            "ip_range": "169.254.1.2/30",
            "name": "on-prem-int-02",
            "private_ip_address": "",
            "project": "raghupothula",
            "redundant_interface": "",
            "region": "us-central1",
            "router": "on-prem-nw-router-01",
            "subnetwork": "",
            "timeouts": null,
            "vpn_tunnel": "https://www.googleapis.com/compute/v1/projects/raghupothula/regions/us-central1/vpnTunnels/on-prem-to-gcp-tunnel-02"
          },
          "sensitive_attributes": [],
          "private": "eyJlMmJmYjczMC1lY2FhLTExZTYtOGY4OC0zNDM2M2JjN2M0YzAiOnsiY3JlYXRlIjoyNDAwMDAwMDAwMDAsImRlbGV0ZSI6MjQwMDAwMDAwMDAwfX0=",
          "dependencies": [
            "google_compute_ha_vpn_gateway.gcp-nw-vpn-gw-01",
            "google_compute_ha_vpn_gateway.on-prem-vpn-nw-01",
            "google_compute_network.gcp-network-01",
            "google_compute_network.onprem-network-01",
            "google_compute_router.onprem-nw-router-01",
            "google_compute_vpn_tunnel.on-prem-to-gcp-tunnel-02"
          ]
        }
      ]
    },
    {
      "mode": "managed",
      "type": "google_compute_router_nat",
      "name": "gcp-nat-gw-01",
      "provider": "provider[\"registry.terraform.io/hashicorp/google\"]",
      "instances": [
        {
          "schema_version": 0,
          "attributes": {
            "drain_nat_ips": [],
            "enable_dynamic_port_allocation": false,
            "enable_endpoint_independent_mapping": true,
            "icmp_idle_timeout_sec": 30,
            "id": "raghupothula/us-central1/gcp-nw-router-01/gcp-nat-gw-01",
            "log_config": [
              {
                "enable": true,
                "filter": "ERRORS_ONLY"
              }
            ],
            "max_ports_per_vm": 0,
            "min_ports_per_vm": 0,
            "name": "gcp-nat-gw-01",
            "nat_ip_allocate_option": "AUTO_ONLY",
            "nat_ips": [],
            "project": "raghupothula",
            "region": "us-central1",
            "router": "gcp-nw-router-01",
            "rules": [],
            "source_subnetwork_ip_ranges_to_nat": "ALL_SUBNETWORKS_ALL_IP_RANGES",
            "subnetwork": [],
            "tcp_established_idle_timeout_sec": 1200,
            "tcp_time_wait_timeout_sec": 120,
            "tcp_transitory_idle_timeout_sec": 30,
            "timeouts": null,
            "udp_idle_timeout_sec": 30
          },
          "sensitive_attributes": [],
          "private": "eyJlMmJmYjczMC1lY2FhLTExZTYtOGY4OC0zNDM2M2JjN2M0YzAiOnsiY3JlYXRlIjoxMjAwMDAwMDAwMDAwLCJkZWxldGUiOjEyMDAwMDAwMDAwMDAsInVwZGF0ZSI6MTIwMDAwMDAwMDAwMH19",
          "dependencies": [
            "null_resource.previous",
            "time_sleep.wait_60_seconds"
          ]
        }
      ]
    },
    {
      "mode": "managed",
      "type": "google_compute_router_nat",
      "name": "nat-gw-01",
      "provider": "provider[\"registry.terraform.io/hashicorp/google\"]",
      "instances": [
        {
          "schema_version": 0,
          "attributes": {
            "drain_nat_ips": [],
            "enable_dynamic_port_allocation": false,
            "enable_endpoint_independent_mapping": true,
            "icmp_idle_timeout_sec": 30,
            "id": "raghupothula/us-central1/nat-router-02/nat-gw-01",
            "log_config": [
              {
                "enable": true,
                "filter": "ERRORS_ONLY"
              }
            ],
            "max_ports_per_vm": 0,
            "min_ports_per_vm": 0,
            "name": "nat-gw-01",
            "nat_ip_allocate_option": "AUTO_ONLY",
            "nat_ips": [],
            "project": "raghupothula",
            "region": "us-central1",
            "router": "nat-router-02",
            "rules": [],
            "source_subnetwork_ip_ranges_to_nat": "ALL_SUBNETWORKS_ALL_IP_RANGES",
            "subnetwork": [],
            "tcp_established_idle_timeout_sec": 1200,
            "tcp_time_wait_timeout_sec": 120,
            "tcp_transitory_idle_timeout_sec": 30,
            "timeouts": null,
            "udp_idle_timeout_sec": 30
          },
          "sensitive_attributes": [],
          "private": "eyJlMmJmYjczMC1lY2FhLTExZTYtOGY4OC0zNDM2M2JjN2M0YzAiOnsiY3JlYXRlIjoxMjAwMDAwMDAwMDAwLCJkZWxldGUiOjEyMDAwMDAwMDAwMDAsInVwZGF0ZSI6MTIwMDAwMDAwMDAwMH19",
          "dependencies": [
            "null_resource.previous",
            "time_sleep.wait_60_seconds"
          ]
        }
      ]
    },
    {
      "mode": "managed",
      "type": "google_compute_router_peer",
      "name": "bgp-peer-gcp-on-prem-2-2",
      "provider": "provider[\"registry.terraform.io/hashicorp/google\"]",
      "instances": [
        {
          "schema_version": 0,
          "attributes": {
            "advertise_mode": "DEFAULT",
            "advertised_groups": null,
            "advertised_ip_ranges": [],
            "advertised_route_priority": 100,
            "bfd": [
              {
                "min_receive_interval": 1000,
                "min_transmit_interval": 1000,
                "multiplier": 5,
                "session_initialization_mode": "DISABLED"
              }
            ],
            "enable": true,
            "enable_ipv6": false,
            "id": "projects/raghupothula/regions/us-central1/routers/gcp-nw-router-01/bgp-peer-gcp-on-prem-2-2",
            "interface": "gcp-router-int-2",
            "ip_address": "169.254.1.1",
            "ipv6_nexthop_address": "",
            "management_type": "",
            "name": "bgp-peer-gcp-on-prem-2-2",
            "peer_asn": 65002,
            "peer_ip_address": "169.254.1.2",
            "peer_ipv6_nexthop_address": "",
            "project": "raghupothula",
            "region": "us-central1",
            "router": "gcp-nw-router-01",
            "router_appliance_instance": "",
            "timeouts": null
          },
          "sensitive_attributes": [],
          "private": "eyJlMmJmYjczMC1lY2FhLTExZTYtOGY4OC0zNDM2M2JjN2M0YzAiOnsiY3JlYXRlIjoxMjAwMDAwMDAwMDAwLCJkZWxldGUiOjEyMDAwMDAwMDAwMDAsInVwZGF0ZSI6MTIwMDAwMDAwMDAwMH19",
          "dependencies": [
            "google_compute_router_interface.gcp-router-int-2"
          ]
        }
      ]
    },
    {
      "mode": "managed",
      "type": "google_compute_router_peer",
      "name": "bgp-peer-on-prem-1-1",
      "provider": "provider[\"registry.terraform.io/hashicorp/google\"]",
      "instances": [
        {
          "schema_version": 0,
          "attributes": {
            "advertise_mode": "DEFAULT",
            "advertised_groups": null,
            "advertised_ip_ranges": [],
            "advertised_route_priority": 100,
            "bfd": [
              {
                "min_receive_interval": 1000,
                "min_transmit_interval": 1000,
                "multiplier": 5,
                "session_initialization_mode": "DISABLED"
              }
            ],
            "enable": true,
            "enable_ipv6": false,
            "id": "projects/raghupothula/regions/us-central1/routers/gcp-nw-router-01/bgp-peer-on-prem-1-1",
            "interface": "gcp-router-int-1",
            "ip_address": "169.254.0.1",
            "ipv6_nexthop_address": "",
            "management_type": "",
            "name": "bgp-peer-on-prem-1-1",
            "peer_asn": 65002,
            "peer_ip_address": "169.254.0.2",
            "peer_ipv6_nexthop_address": "",
            "project": "raghupothula",
            "region": "us-central1",
            "router": "gcp-nw-router-01",
            "router_appliance_instance": "",
            "timeouts": null
          },
          "sensitive_attributes": [],
          "private": "eyJlMmJmYjczMC1lY2FhLTExZTYtOGY4OC0zNDM2M2JjN2M0YzAiOnsiY3JlYXRlIjoxMjAwMDAwMDAwMDAwLCJkZWxldGUiOjEyMDAwMDAwMDAwMDAsInVwZGF0ZSI6MTIwMDAwMDAwMDAwMH19",
          "dependencies": [
            "google_compute_router_interface.gcp-router-int-1"
          ]
        }
      ]
    },
    {
      "mode": "managed",
      "type": "google_compute_router_peer",
      "name": "bgp-peer-onprem-gcp-1-1",
      "provider": "provider[\"registry.terraform.io/hashicorp/google\"]",
      "instances": [
        {
          "schema_version": 0,
          "attributes": {
            "advertise_mode": "DEFAULT",
            "advertised_groups": null,
            "advertised_ip_ranges": [],
            "advertised_route_priority": 100,
            "bfd": [
              {
                "min_receive_interval": 1000,
                "min_transmit_interval": 1000,
                "multiplier": 5,
                "session_initialization_mode": "DISABLED"
              }
            ],
            "enable": true,
            "enable_ipv6": false,
            "id": "projects/raghupothula/regions/us-central1/routers/on-prem-nw-router-01/bgp-peer-onprem-gcp-1-1",
            "interface": "on-prem-int-01",
            "ip_address": "169.254.0.2",
            "ipv6_nexthop_address": "",
            "management_type": "",
            "name": "bgp-peer-onprem-gcp-1-1",
            "peer_asn": 65001,
            "peer_ip_address": "169.254.0.1",
            "peer_ipv6_nexthop_address": "",
            "project": "raghupothula",
            "region": "us-central1",
            "router": "on-prem-nw-router-01",
            "router_appliance_instance": "",
            "timeouts": null
          },
          "sensitive_attributes": [],
          "private": "eyJlMmJmYjczMC1lY2FhLTExZTYtOGY4OC0zNDM2M2JjN2M0YzAiOnsiY3JlYXRlIjoxMjAwMDAwMDAwMDAwLCJkZWxldGUiOjEyMDAwMDAwMDAwMDAsInVwZGF0ZSI6MTIwMDAwMDAwMDAwMH19",
          "dependencies": [
            "google_compute_router_interface.on-prem-int-01"
          ]
        }
      ]
    },
    {
      "mode": "managed",
      "type": "google_compute_router_peer",
      "name": "bgp-peer-onprem-gcp-2-2",
      "provider": "provider[\"registry.terraform.io/hashicorp/google\"]",
      "instances": [
        {
          "schema_version": 0,
          "attributes": {
            "advertise_mode": "DEFAULT",
            "advertised_groups": null,
            "advertised_ip_ranges": [],
            "advertised_route_priority": 100,
            "bfd": [
              {
                "min_receive_interval": 1000,
                "min_transmit_interval": 1000,
                "multiplier": 5,
                "session_initialization_mode": "DISABLED"
              }
            ],
            "enable": true,
            "enable_ipv6": false,
            "id": "projects/raghupothula/regions/us-central1/routers/on-prem-nw-router-01/bgp-peer-onprem-gcp-2-2",
            "interface": "on-prem-int-02",
            "ip_address": "169.254.1.2",
            "ipv6_nexthop_address": "",
            "management_type": "",
            "name": "bgp-peer-onprem-gcp-2-2",
            "peer_asn": 65001,
            "peer_ip_address": "169.254.1.1",
            "peer_ipv6_nexthop_address": "",
            "project": "raghupothula",
            "region": "us-central1",
            "router": "on-prem-nw-router-01",
            "router_appliance_instance": "",
            "timeouts": null
          },
          "sensitive_attributes": [],
          "private": "eyJlMmJmYjczMC1lY2FhLTExZTYtOGY4OC0zNDM2M2JjN2M0YzAiOnsiY3JlYXRlIjoxMjAwMDAwMDAwMDAwLCJkZWxldGUiOjEyMDAwMDAwMDAwMDAsInVwZGF0ZSI6MTIwMDAwMDAwMDAwMH19",
          "dependencies": [
            "google_compute_router_interface.on-prem-int-02"
          ]
        }
      ]
    },
    {
      "mode": "managed",
      "type": "google_compute_subnetwork",
      "name": "sn-02-gcp-uscentral1",
      "provider": "provider[\"registry.terraform.io/hashicorp/google\"]",
      "instances": [
        {
          "schema_version": 0,
          "attributes": {
            "creation_timestamp": "2025-05-26T03:57:29.826-07:00",
            "description": "",
            "external_ipv6_prefix": "",
            "fingerprint": null,
            "gateway_address": "10.20.0.1",
            "id": "projects/raghupothula/regions/us-central1/subnetworks/sn-02-gcp-uscentral1",
            "internal_ipv6_prefix": "",
            "ip_cidr_range": "10.20.0.0/24",
            "ipv6_access_type": "",
            "ipv6_cidr_range": "",
            "log_config": [
              {
                "aggregation_interval": "INTERVAL_10_MIN",
                "filter_expr": "true",
                "flow_sampling": 0.5,
                "metadata": "INCLUDE_ALL_METADATA",
                "metadata_fields": []
              }
            ],
            "name": "sn-02-gcp-uscentral1",
            "network": "https://www.googleapis.com/compute/v1/projects/raghupothula/global/networks/gcp-network-02",
            "private_ip_google_access": false,
            "private_ipv6_google_access": "DISABLE_GOOGLE_ACCESS",
            "project": "raghupothula",
            "purpose": "PRIVATE",
            "region": "us-central1",
            "role": "",
            "secondary_ip_range": [],
            "self_link": "https://www.googleapis.com/compute/v1/projects/raghupothula/regions/us-central1/subnetworks/sn-02-gcp-uscentral1",
            "stack_type": "IPV4_ONLY",
            "timeouts": null
          },
          "sensitive_attributes": [],
          "private": "eyJlMmJmYjczMC1lY2FhLTExZTYtOGY4OC0zNDM2M2JjN2M0YzAiOnsiY3JlYXRlIjoxMjAwMDAwMDAwMDAwLCJkZWxldGUiOjEyMDAwMDAwMDAwMDAsInVwZGF0ZSI6MTIwMDAwMDAwMDAwMH19",
          "dependencies": [
            "google_compute_network.gcp-network-01"
          ]
        }
      ]
    },
    {
      "mode": "managed",
      "type": "google_compute_subnetwork",
      "name": "sn-gcp-uscentral1",
      "provider": "provider[\"registry.terraform.io/hashicorp/google\"]",
      "instances": [
        {
          "schema_version": 0,
          "attributes": {
            "creation_timestamp": "2025-05-26T03:45:54.330-07:00",
            "description": "",
            "external_ipv6_prefix": "",
            "fingerprint": null,
            "gateway_address": "10.10.0.1",
            "id": "projects/raghupothula/regions/us-central1/subnetworks/sn-gcp-uscentral1",
            "internal_ipv6_prefix": "",
            "ip_cidr_range": "10.10.0.0/24",
            "ipv6_access_type": "",
            "ipv6_cidr_range": "",
            "log_config": [
              {
                "aggregation_interval": "INTERVAL_10_MIN",
                "filter_expr": "true",
                "flow_sampling": 0.5,
                "metadata": "INCLUDE_ALL_METADATA",
                "metadata_fields": []
              }
            ],
            "name": "sn-gcp-uscentral1",
            "network": "https://www.googleapis.com/compute/v1/projects/raghupothula/global/networks/gcp-network-02",
            "private_ip_google_access": false,
            "private_ipv6_google_access": "DISABLE_GOOGLE_ACCESS",
            "project": "raghupothula",
            "purpose": "PRIVATE",
            "region": "us-central1",
            "role": "",
            "secondary_ip_range": [],
            "self_link": "https://www.googleapis.com/compute/v1/projects/raghupothula/regions/us-central1/subnetworks/sn-gcp-uscentral1",
            "stack_type": "IPV4_ONLY",
            "timeouts": null
          },
          "sensitive_attributes": [],
          "private": "eyJlMmJmYjczMC1lY2FhLTExZTYtOGY4OC0zNDM2M2JjN2M0YzAiOnsiY3JlYXRlIjoxMjAwMDAwMDAwMDAwLCJkZWxldGUiOjEyMDAwMDAwMDAwMDAsInVwZGF0ZSI6MTIwMDAwMDAwMDAwMH19",
          "dependencies": [
            "google_compute_network.gcp-network-01"
          ]
        }
      ]
    },
    {
      "mode": "managed",
      "type": "google_compute_subnetwork",
      "name": "sn-onprem-uscentral1",
      "provider": "provider[\"registry.terraform.io/hashicorp/google\"]",
      "instances": [
        {
          "schema_version": 0,
          "attributes": {
            "creation_timestamp": "2025-05-26T03:46:05.127-07:00",
            "description": "",
            "external_ipv6_prefix": "",
            "fingerprint": null,
            "gateway_address": "192.168.0.1",
            "id": "projects/raghupothula/regions/us-central1/subnetworks/sn-onprem-uscentral1",
            "internal_ipv6_prefix": "",
            "ip_cidr_range": "192.168.0.0/24",
            "ipv6_access_type": "",
            "ipv6_cidr_range": "",
            "log_config": [
              {
                "aggregation_interval": "INTERVAL_10_MIN",
                "filter_expr": "true",
                "flow_sampling": 0.5,
                "metadata": "INCLUDE_ALL_METADATA",
                "metadata_fields": []
              }
            ],
            "name": "sn-onprem-uscentral1",
            "network": "https://www.googleapis.com/compute/v1/projects/raghupothula/global/networks/onprem-network-01",
            "private_ip_google_access": false,
            "private_ipv6_google_access": "DISABLE_GOOGLE_ACCESS",
            "project": "raghupothula",
            "purpose": "PRIVATE",
            "region": "us-central1",
            "role": "",
            "secondary_ip_range": [],
            "self_link": "https://www.googleapis.com/compute/v1/projects/raghupothula/regions/us-central1/subnetworks/sn-onprem-uscentral1",
            "stack_type": "IPV4_ONLY",
            "timeouts": null
          },
          "sensitive_attributes": [],
          "private": "eyJlMmJmYjczMC1lY2FhLTExZTYtOGY4OC0zNDM2M2JjN2M0YzAiOnsiY3JlYXRlIjoxMjAwMDAwMDAwMDAwLCJkZWxldGUiOjEyMDAwMDAwMDAwMDAsInVwZGF0ZSI6MTIwMDAwMDAwMDAwMH19",
          "dependencies": [
            "google_compute_network.onprem-network-01"
          ]
        }
      ]
    },
    {
      "mode": "managed",
      "type": "google_compute_subnetwork",
      "name": "sn-onprem-uscentral2",
      "provider": "provider[\"registry.terraform.io/hashicorp/google\"]",
      "instances": [
        {
          "schema_version": 0,
          "attributes": {
            "creation_timestamp": "2025-05-26T03:45:54.329-07:00",
            "description": "",
            "external_ipv6_prefix": "",
            "fingerprint": null,
            "gateway_address": "10.20.0.1",
            "id": "projects/raghupothula/regions/us-central1/subnetworks/sn-onprem-uscentral2",
            "internal_ipv6_prefix": "",
            "ip_cidr_range": "10.20.0.0/24",
            "ipv6_access_type": "",
            "ipv6_cidr_range": "",
            "log_config": [
              {
                "aggregation_interval": "INTERVAL_10_MIN",
                "filter_expr": "true",
                "flow_sampling": 0.5,
                "metadata": "INCLUDE_ALL_METADATA",
                "metadata_fields": []
              }
            ],
            "name": "sn-onprem-uscentral2",
            "network": "https://www.googleapis.com/compute/v1/projects/raghupothula/global/networks/onprem-network-01",
            "private_ip_google_access": false,
            "private_ipv6_google_access": "DISABLE_GOOGLE_ACCESS",
            "project": "raghupothula",
            "purpose": "PRIVATE",
            "region": "us-central1",
            "role": "",
            "secondary_ip_range": [],
            "self_link": "https://www.googleapis.com/compute/v1/projects/raghupothula/regions/us-central1/subnetworks/sn-onprem-uscentral2",
            "stack_type": "IPV4_ONLY",
            "timeouts": null
          },
          "sensitive_attributes": [],
          "private": "eyJlMmJmYjczMC1lY2FhLTExZTYtOGY4OC0zNDM2M2JjN2M0YzAiOnsiY3JlYXRlIjoxMjAwMDAwMDAwMDAwLCJkZWxldGUiOjEyMDAwMDAwMDAwMDAsInVwZGF0ZSI6MTIwMDAwMDAwMDAwMH19",
          "dependencies": [
            "google_compute_network.onprem-network-01"
          ]
        }
      ]
    },
    {
      "mode": "managed",
      "type": "google_compute_vpn_tunnel",
      "name": "gcp-tunnel-to-onprem-01",
      "provider": "provider[\"registry.terraform.io/hashicorp/google\"]",
      "instances": [
        {
          "schema_version": 0,
          "attributes": {
            "creation_timestamp": "2025-05-26T03:46:15.274-07:00",
            "description": "",
            "detailed_status": "Tunnel is up and running.",
            "id": "projects/raghupothula/regions/us-central1/vpnTunnels/gcp-tunnel-to-onprem-01",
            "ike_version": 2,
            "local_traffic_selector": [
              "0.0.0.0/0"
            ],
            "name": "gcp-tunnel-to-onprem-01",
            "peer_external_gateway": "",
            "peer_external_gateway_interface": 0,
            "peer_gcp_gateway": "https://www.googleapis.com/compute/v1/projects/raghupothula/regions/us-central1/vpnGateways/on-prem-vpn-gw-01",
            "peer_ip": "34.153.54.63",
            "project": "raghupothula",
            "region": "us-central1",
            "remote_traffic_selector": [
              "0.0.0.0/0"
            ],
            "router": "https://www.googleapis.com/compute/v1/projects/raghupothula/regions/us-central1/routers/gcp-nw-router-01",
            "self_link": "https://www.googleapis.com/compute/v1/projects/raghupothula/regions/us-central1/vpnTunnels/gcp-tunnel-to-onprem-01",
            "shared_secret": "google2024",
            "shared_secret_hash": "lwczmGTBe6GpcvgPWOfbD8RPxj53",
            "target_vpn_gateway": "",
            "timeouts": null,
            "tunnel_id": "8825905028928239768",
            "vpn_gateway": "https://www.googleapis.com/compute/v1/projects/raghupothula/regions/us-central1/vpnGateways/gcp-ha-vpn-gw-01",
            "vpn_gateway_interface": 0
          },
          "sensitive_attributes": [],
          "private": "eyJlMmJmYjczMC1lY2FhLTExZTYtOGY4OC0zNDM2M2JjN2M0YzAiOnsiY3JlYXRlIjoxMjAwMDAwMDAwMDAwLCJkZWxldGUiOjEyMDAwMDAwMDAwMDAsInVwZGF0ZSI6MTIwMDAwMDAwMDAwMH19",
          "dependencies": [
            "google_compute_ha_vpn_gateway.gcp-nw-vpn-gw-01",
            "google_compute_ha_vpn_gateway.on-prem-vpn-nw-01",
            "google_compute_network.gcp-network-01",
            "google_compute_network.onprem-network-01",
            "google_compute_router.gcp-nw-router-01"
          ]
        }
      ]
    },
    {
      "mode": "managed",
      "type": "google_compute_vpn_tunnel",
      "name": "gcp-tunnel-to-onprem-02",
      "provider": "provider[\"registry.terraform.io/hashicorp/google\"]",
      "instances": [
        {
          "schema_version": 0,
          "attributes": {
            "creation_timestamp": "2025-05-26T03:46:15.137-07:00",
            "description": "",
            "detailed_status": "Tunnel is up and running.",
            "id": "projects/raghupothula/regions/us-central1/vpnTunnels/gcp-tunnel-to-onprem-02",
            "ike_version": 2,
            "local_traffic_selector": [
              "0.0.0.0/0"
            ],
            "name": "gcp-tunnel-to-onprem-02",
            "peer_external_gateway": "",
            "peer_external_gateway_interface": 0,
            "peer_gcp_gateway": "https://www.googleapis.com/compute/v1/projects/raghupothula/regions/us-central1/vpnGateways/on-prem-vpn-gw-01",
            "peer_ip": "34.153.246.126",
            "project": "raghupothula",
            "region": "us-central1",
            "remote_traffic_selector": [
              "0.0.0.0/0"
            ],
            "router": "https://www.googleapis.com/compute/v1/projects/raghupothula/regions/us-central1/routers/gcp-nw-router-01",
            "self_link": "https://www.googleapis.com/compute/v1/projects/raghupothula/regions/us-central1/vpnTunnels/gcp-tunnel-to-onprem-02",
            "shared_secret": "google2024",
            "shared_secret_hash": "2doYo-8m_fsOHEKu7QREhDDotdbc",
            "target_vpn_gateway": "",
            "timeouts": null,
            "tunnel_id": "3416488565379037336",
            "vpn_gateway": "https://www.googleapis.com/compute/v1/projects/raghupothula/regions/us-central1/vpnGateways/gcp-ha-vpn-gw-01",
            "vpn_gateway_interface": 1
          },
          "sensitive_attributes": [],
          "private": "eyJlMmJmYjczMC1lY2FhLTExZTYtOGY4OC0zNDM2M2JjN2M0YzAiOnsiY3JlYXRlIjoxMjAwMDAwMDAwMDAwLCJkZWxldGUiOjEyMDAwMDAwMDAwMDAsInVwZGF0ZSI6MTIwMDAwMDAwMDAwMH19",
          "dependencies": [
            "google_compute_ha_vpn_gateway.gcp-nw-vpn-gw-01",
            "google_compute_ha_vpn_gateway.on-prem-vpn-nw-01",
            "google_compute_network.gcp-network-01",
            "google_compute_network.onprem-network-01",
            "google_compute_router.gcp-nw-router-01"
          ]
        }
      ]
    },
    {
      "mode": "managed",
      "type": "google_compute_vpn_tunnel",
      "name": "on-prem-to-gcp-tunnel-01",
      "provider": "provider[\"registry.terraform.io/hashicorp/google\"]",
      "instances": [
        {
          "schema_version": 0,
          "attributes": {
            "creation_timestamp": "2025-05-26T03:46:05.481-07:00",
            "description": "",
            "detailed_status": "Tunnel is up and running.",
            "id": "projects/raghupothula/regions/us-central1/vpnTunnels/on-prem-to-gcp-tunnel-01",
            "ike_version": 2,
            "local_traffic_selector": [
              "0.0.0.0/0"
            ],
            "name": "on-prem-to-gcp-tunnel-01",
            "peer_external_gateway": "",
            "peer_external_gateway_interface": 0,
            "peer_gcp_gateway": "https://www.googleapis.com/compute/v1/projects/raghupothula/regions/us-central1/vpnGateways/gcp-ha-vpn-gw-01",
            "peer_ip": "34.153.52.151",
            "project": "raghupothula",
            "region": "us-central1",
            "remote_traffic_selector": [
              "0.0.0.0/0"
            ],
            "router": "https://www.googleapis.com/compute/v1/projects/raghupothula/regions/us-central1/routers/on-prem-nw-router-01",
            "self_link": "https://www.googleapis.com/compute/v1/projects/raghupothula/regions/us-central1/vpnTunnels/on-prem-to-gcp-tunnel-01",
            "shared_secret": "google2024",
            "shared_secret_hash": "hPRxuD25vcCS3LYiNePsWOcLLmR1",
            "target_vpn_gateway": "",
            "timeouts": null,
            "tunnel_id": "6592874750607489154",
            "vpn_gateway": "https://www.googleapis.com/compute/v1/projects/raghupothula/regions/us-central1/vpnGateways/on-prem-vpn-gw-01",
            "vpn_gateway_interface": 0
          },
          "sensitive_attributes": [],
          "private": "eyJlMmJmYjczMC1lY2FhLTExZTYtOGY4OC0zNDM2M2JjN2M0YzAiOnsiY3JlYXRlIjoxMjAwMDAwMDAwMDAwLCJkZWxldGUiOjEyMDAwMDAwMDAwMDAsInVwZGF0ZSI6MTIwMDAwMDAwMDAwMH19",
          "dependencies": [
            "google_compute_ha_vpn_gateway.gcp-nw-vpn-gw-01",
            "google_compute_ha_vpn_gateway.on-prem-vpn-nw-01",
            "google_compute_network.gcp-network-01",
            "google_compute_network.onprem-network-01",
            "google_compute_router.onprem-nw-router-01"
          ]
        }
      ]
    },
    {
      "mode": "managed",
      "type": "google_compute_vpn_tunnel",
      "name": "on-prem-to-gcp-tunnel-02",
      "provider": "provider[\"registry.terraform.io/hashicorp/google\"]",
      "instances": [
        {
          "schema_version": 0,
          "attributes": {
            "creation_timestamp": "2025-05-26T03:46:05.774-07:00",
            "description": "",
            "detailed_status": "Tunnel is up and running.",
            "id": "projects/raghupothula/regions/us-central1/vpnTunnels/on-prem-to-gcp-tunnel-02",
            "ike_version": 2,
            "local_traffic_selector": [
              "0.0.0.0/0"
            ],
            "name": "on-prem-to-gcp-tunnel-02",
            "peer_external_gateway": "",
            "peer_external_gateway_interface": 0,
            "peer_gcp_gateway": "https://www.googleapis.com/compute/v1/projects/raghupothula/regions/us-central1/vpnGateways/gcp-ha-vpn-gw-01",
            "peer_ip": "34.153.245.117",
            "project": "raghupothula",
            "region": "us-central1",
            "remote_traffic_selector": [
              "0.0.0.0/0"
            ],
            "router": "https://www.googleapis.com/compute/v1/projects/raghupothula/regions/us-central1/routers/on-prem-nw-router-01",
            "self_link": "https://www.googleapis.com/compute/v1/projects/raghupothula/regions/us-central1/vpnTunnels/on-prem-to-gcp-tunnel-02",
            "shared_secret": "google2024",
            "shared_secret_hash": "blECN2CbGDkK8a4GiaLERqzhncvH",
            "target_vpn_gateway": "",
            "timeouts": null,
            "tunnel_id": "9061516283267905666",
            "vpn_gateway": "https://www.googleapis.com/compute/v1/projects/raghupothula/regions/us-central1/vpnGateways/on-prem-vpn-gw-01",
            "vpn_gateway_interface": 1
          },
          "sensitive_attributes": [],
          "private": "eyJlMmJmYjczMC1lY2FhLTExZTYtOGY4OC0zNDM2M2JjN2M0YzAiOnsiY3JlYXRlIjoxMjAwMDAwMDAwMDAwLCJkZWxldGUiOjEyMDAwMDAwMDAwMDAsInVwZGF0ZSI6MTIwMDAwMDAwMDAwMH19",
          "dependencies": [
            "google_compute_ha_vpn_gateway.gcp-nw-vpn-gw-01",
            "google_compute_ha_vpn_gateway.on-prem-vpn-nw-01",
            "google_compute_network.gcp-network-01",
            "google_compute_network.onprem-network-01",
            "google_compute_router.onprem-nw-router-01"
          ]
        }
      ]
    },
    {
      "mode": "managed",
      "type": "null_resource",
      "name": "previous",
      "provider": "provider[\"registry.terraform.io/hashicorp/null\"]",
      "instances": [
        {
          "schema_version": 0,
          "attributes": {
            "id": "2219375108126727496",
            "triggers": null
          },
          "sensitive_attributes": []
        }
      ]
    },
    {
      "mode": "managed",
      "type": "time_sleep",
      "name": "wait_60_seconds",
      "provider": "provider[\"registry.terraform.io/hashicorp/time\"]",
      "instances": [
        {
          "schema_version": 0,
          "attributes": {
            "create_duration": "60s",
            "destroy_duration": null,
            "id": "2025-03-18T10:15:49Z",
            "triggers": null
          },
          "sensitive_attributes": [],
          "dependencies": [
            "null_resource.previous"
          ]
        }
      ]
    }
  ],
  "check_results": null
}
